
Microsoft Visual Studio Solution File, Format Version 12.00
# Visual Studio Version 17
VisualStudioVersion = 17.8.34408.163
MinimumVisualStudioVersion = 10.0.40219.1
Project("{FAE04EC0-301F-11D3-BF4B-00C04F79EFBC}") = "A ADOSMELHORES", "A ADOSMELHORES\A ADOSMELHORES.csproj", "{C6D87C88-B4F7-4D87-95BB-55F9146D6D9C}"
EndProject
Global
	GlobalSection(SolutionConfigurationPlatforms) = preSolution
		Debug|Any CPU = Debug|Any CPU
		Release|Any CPU = Release|Any CPU
	EndGlobalSection
	GlobalSection(ProjectConfigurationPlatforms) = postSolution
		{C6D87C88-B4F7-4D87-95BB-55F9146D6D9C}.Debug|Any CPU.ActiveCfg = Debug|Any CPU
		{C6D87C88-B4F7-4D87-95BB-55F9146D6D9C}.Debug|Any CPU.Build.0 = Debug|Any CPU
		{C6D87C88-B4F7-4D87-95BB-55F9146D6D9C}.Release|Any CPU.ActiveCfg = Release|Any CPU
		{C6D87C88-B4F7-4D87-95BB-55F9146D6D9C}.Release|Any CPU.Build.0 = Release|Any CPU
	EndGlobalSection
	GlobalSection(SolutionProperties) = preSolution
		HideSolutionNode = FALSE
	EndGlobalSection
	GlobalSection(ExtensibilityGlobals) = postSolution
		SolutionGuid = {D5129E75-F7FB-42CC-9336-7B4F393A8C02}
	EndGlobalSection
EndGlobal
